
Microsoft Visual Studio Solution File, Format Version 12.00
# Visual Studio 15
VisualStudioVersion = 15.0.27004.2006
MinimumVisualStudioVersion = 10.0.40219.1
Project("{9A19103F-16F7-4668-BE54-9A1E7A4F7556}") = "Bell", "Bell\Bell.csproj", "{FD59FC0E-5E3F-44EB-A8D6-0D5668845672}"
EndProject
Global
	GlobalSection(SolutionConfigurationPlatforms) = preSolution
		Debug|Any CPU = Debug|Any CPU
		Release|Any CPU = Release|Any CPU
	EndGlobalSection
	GlobalSection(ProjectConfigurationPlatforms) = postSolution
		{FD59FC0E-5E3F-44EB-A8D6-0D5668845672}.Debug|Any CPU.ActiveCfg = Debug|Any CPU
		{FD59FC0E-5E3F-44EB-A8D6-0D5668845672}.Debug|Any CPU.Build.0 = Debug|Any CPU
		{FD59FC0E-5E3F-44EB-A8D6-0D5668845672}.Release|Any CPU.ActiveCfg = Release|Any CPU
		{FD59FC0E-5E3F-44EB-A8D6-0D5668845672}.Release|Any CPU.Build.0 = Release|Any CPU
	EndGlobalSection
	GlobalSection(SolutionProperties) = preSolution
		HideSolutionNode = FALSE
	EndGlobalSection
	GlobalSection(ExtensibilityGlobals) = postSolution
		SolutionGuid = {31E31747-5E74-47C0-80AB-D1BFCDCD8180}
	EndGlobalSection
EndGlobal
